# THIS IS AN AUTOGENERATED FILE. DO NOT EDIT THIS FILE DIRECTLY.
# yarn lockfile v1


"@ngrx/store@^16.0.1":
  version "16.0.1"
  resolved "https://registry.yarnpkg.com/@ngrx/store/-/store-16.0.1.tgz#0f312d46d8799651f3d8a0e1a08097043962d707"
  integrity sha512-KkYzF3j29qKOzHcmiArRJgT+ABLqbddj1DuxerNq3A8zWnTDdC4YgNpDOKru8hQWb3pQ77ZbglLati5K9F8HnQ==
  dependencies:
    tslib "^2.0.0"

tslib@^2.0.0, tslib@^2.3.0:
  version "2.5.3"
  resolved "https://registry.yarnpkg.com/tslib/-/tslib-2.5.3.tgz#24944ba2d990940e6e982c4bea147aba80209913"
  integrity sha512-mSxlJJwl3BMEQCUNnxXBU9jP4JBktcEGhURcPR6VQVlnP0FdDEsIaz0C35dXNGLyRfrATNofF0F5p2KPxQgB+w==
